
Microsoft Visual Studio Solution File, Format Version 12.00
# Visual Studio Version 16
VisualStudioVersion = 16.0.30804.86
MinimumVisualStudioVersion = 10.0.40219.1
Project("{9A19103F-16F7-4668-BE54-9A1E7A4F7556}") = "ACFIP-Server", "ACFIP-Server.csproj", "{409A9313-54B4-4351-A8B7-AA7FE3C438A9}"
EndProject
Global
	GlobalSection(SolutionConfigurationPlatforms) = preSolution
		Debug|Any CPU = Debug|Any CPU
		Release|Any CPU = Release|Any CPU
	EndGlobalSection
	GlobalSection(ProjectConfigurationPlatforms) = postSolution
		{409A9313-54B4-4351-A8B7-AA7FE3C438A9}.Debug|Any CPU.ActiveCfg = Debug|Any CPU
		{409A9313-54B4-4351-A8B7-AA7FE3C438A9}.Debug|Any CPU.Build.0 = Debug|Any CPU
		{409A9313-54B4-4351-A8B7-AA7FE3C438A9}.Release|Any CPU.ActiveCfg = Release|Any CPU
		{409A9313-54B4-4351-A8B7-AA7FE3C438A9}.Release|Any CPU.Build.0 = Release|Any CPU
	EndGlobalSection
	GlobalSection(SolutionProperties) = preSolution
		HideSolutionNode = FALSE
	EndGlobalSection
	GlobalSection(ExtensibilityGlobals) = postSolution
		SolutionGuid = {4E92B231-2A86-4E00-A20B-BBBF8C840343}
	EndGlobalSection
EndGlobal
